
Microsoft Visual Studio Solution File, Format Version 12.00
# Visual Studio Version 16
VisualStudioVersion = 16.0.29613.14
MinimumVisualStudioVersion = 10.0.40219.1
Project("{2150E333-8FDC-42A3-9474-1A3956D46DE8}") = "Solution", "Solution", "{0AAA53BC-F751-40A9-88CC-C3BFC53A18E0}"
ProjectSection(SolutionItems) = preProject
	Dockerfile = Dockerfile
	azure-pipelines.yml = azure-pipelines.yml
	README.md = README.md
EndProjectSection
EndProject
Project("{FAE04EC0-301F-11D3-BF4B-00C04F79EFBC}") = "Bazza", "src\Bazza\Bazza.csproj", "{B68AE066-D8F6-4CBD-A710-77648B051DEB}"
EndProject
Global
	GlobalSection(SolutionConfigurationPlatforms) = preSolution
		Debug|Any CPU = Debug|Any CPU
		Release|Any CPU = Release|Any CPU
	EndGlobalSection
	GlobalSection(ProjectConfigurationPlatforms) = postSolution
		{B68AE066-D8F6-4CBD-A710-77648B051DEB}.Debug|Any CPU.ActiveCfg = Debug|Any CPU
		{B68AE066-D8F6-4CBD-A710-77648B051DEB}.Debug|Any CPU.Build.0 = Debug|Any CPU
		{B68AE066-D8F6-4CBD-A710-77648B051DEB}.Release|Any CPU.ActiveCfg = Release|Any CPU
		{B68AE066-D8F6-4CBD-A710-77648B051DEB}.Release|Any CPU.Build.0 = Release|Any CPU
	EndGlobalSection
	GlobalSection(SolutionProperties) = preSolution
		HideSolutionNode = FALSE
	EndGlobalSection
	GlobalSection(ExtensibilityGlobals) = postSolution
		SolutionGuid = {74B871D9-F31D-429D-A0F3-E423BFF80D41}
	EndGlobalSection
EndGlobal
